PODS:
  - ETSegmentedView (0.2.2):
    - pop (~> 1.0.7)
  - Expecta (1.0.2)
  - pop (1.0.7)
  - Specta (1.0.3)

DEPENDENCIES:
  - ETSegmentedView (from `../`)
  - Expecta
  - pop (~> 1.0.7)
  - Specta

EXTERNAL SOURCES:
  ETSegmentedView:
    :path: ../

SPEC CHECKSUMS:
  ETSegmentedView: 83c0ebab284cf3f8f7d91db0f633fa85fa35ec16
  Expecta: 54e8a3530add08f4f0208c111355eda7cde74a53
  pop: 628ffc631644601567ee8bfaaaea493ebd7d0923
  Specta: cf3e4188cf35375c3ee2cd03f8db8f1f4ef98234

COCOAPODS: 0.38.2
