PODS:
  - ETSegmentedView (0.1.0):
    - pop (~> 1.0)
  - Expecta (0.3.2)
  - pop (1.0.7)
  - Specta (0.4.0)

DEPENDENCIES:
  - ETSegmentedView (from `../`)
  - Expecta
  - Specta

EXTERNAL SOURCES:
  ETSegmentedView:
    :path: ../

SPEC CHECKSUMS:
  ETSegmentedView: 3ad611bf2043a677eed3959ee51002f19155b4b8
  Expecta: 8c507baf13211207b1e9d0a741480600e6b4ed15
  pop: 628ffc631644601567ee8bfaaaea493ebd7d0923
  Specta: a353759f073ffcc0a365b782fe4aaeac064c03c6

COCOAPODS: 0.36.0
